
Microsoft Visual Studio Solution File, Format Version 12.00
# Visual Studio Version 16
VisualStudioVersion = 16.0.29519.181
MinimumVisualStudioVersion = 10.0.40219.1
Project("{FAE04EC0-301F-11D3-BF4B-00C04F79EFBC}") = "TodoApp", "TodoApp\TodoApp.csproj", "{5FE97452-900A-452F-9449-00C5A421A027}"
EndProject
Global
	GlobalSection(SolutionConfigurationPlatforms) = preSolution
		Debug|Any CPU = Debug|Any CPU
		Release|Any CPU = Release|Any CPU
	EndGlobalSection
	GlobalSection(ProjectConfigurationPlatforms) = postSolution
		{5FE97452-900A-452F-9449-00C5A421A027}.Debug|Any CPU.ActiveCfg = Debug|Any CPU
		{5FE97452-900A-452F-9449-00C5A421A027}.Debug|Any CPU.Build.0 = Debug|Any CPU
		{5FE97452-900A-452F-9449-00C5A421A027}.Release|Any CPU.ActiveCfg = Release|Any CPU
		{5FE97452-900A-452F-9449-00C5A421A027}.Release|Any CPU.Build.0 = Release|Any CPU
	EndGlobalSection
	GlobalSection(SolutionProperties) = preSolution
		HideSolutionNode = FALSE
	EndGlobalSection
	GlobalSection(ExtensibilityGlobals) = postSolution
		SolutionGuid = {7144BFAC-A350-4B9A-B351-A3E07E36ECC0}
	EndGlobalSection
EndGlobal
